// !$*UTF8*$!
{
	archiveVersion = 1;
	classes = {
	};
	objectVersion = 56;
	objects = {

/* Begin PBXBuildFile section */
		F7E881822B0F3D8D00828CA0 /* AppDelegate.swift in Sources */ = {isa = PBXBuildFile; fileRef = F7E881812B0F3D8D00828CA0 /* AppDelegate.swift */; };
		F7E881842B0F3D8D00828CA0 /* SceneDelegate.swift in Sources */ = {isa = PBXBuildFile; fileRef = F7E881832B0F3D8D00828CA0 /* SceneDelegate.swift */; };
		F7E881862B0F3D8D00828CA0 /* ViewController.swift in Sources */ = {isa = PBXBuildFile; fileRef = F7E881852B0F3D8D00828CA0 /* ViewController.swift */; };
		F7E881892B0F3D8D00828CA0 /* Main.storyboard in Resources */ = {isa = PBXBuildFile; fileRef = F7E881872B0F3D8D00828CA0 /* Main.storyboard */; };
		F7E8818C2B0F3D8D00828CA0 /* Setara.xcdatamodeld in Sources */ = {isa = PBXBuildFile; fileRef = F7E8818A2B0F3D8D00828CA0 /* Setara.xcdatamodeld */; };
		F7E8818E2B0F3D8F00828CA0 /* Assets.xcassets in Resources */ = {isa = PBXBuildFile; fileRef = F7E8818D2B0F3D8F00828CA0 /* Assets.xcassets */; };
		F7E881912B0F3D8F00828CA0 /* LaunchScreen.storyboard in Resources */ = {isa = PBXBuildFile; fileRef = F7E8818F2B0F3D8F00828CA0 /* LaunchScreen.storyboard */; };
		F7E8819E2B0F4EF800828CA0 /* AddParticipantViewController.swift in Sources */ = {isa = PBXBuildFile; fileRef = F7E8819D2B0F4EF800828CA0 /* AddParticipantViewController.swift */; };
/* End PBXBuildFile section */

/* Begin PBXFileReference section */
		F7E8817E2B0F3D8D00828CA0 /* Setara.app */ = {isa = PBXFileReference; explicitFileType = wrapper.application; includeInIndex = 0; path = Setara.app; sourceTree = BUILT_PRODUCTS_DIR; };
		F7E881812B0F3D8D00828CA0 /* AppDelegate.swift */ = {isa = PBXFileReference; lastKnownFileType = sourcecode.swift; path = AppDelegate.swift; sourceTree = "<group>"; };
		F7E881832B0F3D8D00828CA0 /* SceneDelegate.swift */ = {isa = PBXFileReference; lastKnownFileType = sourcecode.swift; path = SceneDelegate.swift; sourceTree = "<group>"; };
		F7E881852B0F3D8D00828CA0 /* ViewController.swift */ = {isa = PBXFileReference; lastKnownFileType = sourcecode.swift; path = ViewController.swift; sourceTree = "<group>"; };
		F7E881882B0F3D8D00828CA0 /* Base */ = {isa = PBXFileReference; lastKnownFileType = file.storyboard; name = Base; path = Base.lproj/Main.storyboard; sourceTree = "<group>"; };
		F7E8818B2B0F3D8D00828CA0 /* Setara.xcdatamodel */ = {isa = PBXFileReference; lastKnownFileType = wrapper.xcdatamodel; path = Setara.xcdatamodel; sourceTree = "<group>"; };
		F7E8818D2B0F3D8F00828CA0 /* Assets.xcassets */ = {isa = PBXFileReference; lastKnownFileType = folder.assetcatalog; path = Assets.xcassets; sourceTree = "<group>"; };
		F7E881902B0F3D8F00828CA0 /* Base */ = {isa = PBXFileReference; lastKnownFileType = file.storyboard; name = Base; path = Base.lproj/LaunchScreen.storyboard; sourceTree = "<group>"; };
		F7E881922B0F3D8F00828CA0 /* Info.plist */ = {isa = PBXFileReference; lastKnownFileType = text.plist.xml; path = Info.plist; sourceTree = "<group>"; };
		F7E8819D2B0F4EF800828CA0 /* AddParticipantViewController.swift */ = {isa = PBXFileReference; lastKnownFileType = sourcecode.swift; path = AddParticipantViewController.swift; sourceTree = "<group>"; };
/* End PBXFileReference section */

/* Begin PBXFrameworksBuildPhase section */
		F7E8817B2B0F3D8D00828CA0 /* Frameworks */ = {
			isa = PBXFrameworksBuildPhase;
			buildActionMask = 2147483647;
			files = (
			);
			runOnlyForDeploymentPostprocessing = 0;
		};
/* End PBXFrameworksBuildPhase section */

/* Begin PBXGroup section */
		F7E881752B0F3D8D00828CA0 = {
			isa = PBXGroup;
			children = (
				F7E881802B0F3D8D00828CA0 /* Setara */,
				F7E8817F2B0F3D8D00828CA0 /* Products */,
			);
			sourceTree = "<group>";
		};
		F7E8817F2B0F3D8D00828CA0 /* Products */ = {
			isa = PBXGroup;
			children = (
				F7E8817E2B0F3D8D00828CA0 /* Setara.app */,
			);
			name = Products;
			sourceTree = "<group>";
		};
		F7E881802B0F3D8D00828CA0 /* Setara */ = {
			isa = PBXGroup;
			children = (
				F7E8819C2B0F4ECA00828CA0 /* Model */,
				F7E8819B2B0F4EC000828CA0 /* Controller */,
				F7E8819A2B0F4EB800828CA0 /* Views */,
				F7E881992B0F4E5300828CA0 /* CoreData */,
				F7E881982B0F4E3F00828CA0 /* Core */,
				F7E8818D2B0F3D8F00828CA0 /* Assets.xcassets */,
			);
			path = Setara;
			sourceTree = "<group>";
		};
		F7E881982B0F4E3F00828CA0 /* Core */ = {
			isa = PBXGroup;
			children = (
				F7E881922B0F3D8F00828CA0 /* Info.plist */,
				F7E881872B0F3D8D00828CA0 /* Main.storyboard */,
				F7E8818F2B0F3D8F00828CA0 /* LaunchScreen.storyboard */,
				F7E881832B0F3D8D00828CA0 /* SceneDelegate.swift */,
				F7E881812B0F3D8D00828CA0 /* AppDelegate.swift */,
			);
			path = Core;
			sourceTree = "<group>";
		};
		F7E881992B0F4E5300828CA0 /* CoreData */ = {
			isa = PBXGroup;
			children = (
				F7E8818A2B0F3D8D00828CA0 /* Setara.xcdatamodeld */,
			);
			path = CoreData;
			sourceTree = "<group>";
		};
		F7E8819A2B0F4EB800828CA0 /* Views */ = {
			isa = PBXGroup;
			children = (
			);
			path = Views;
			sourceTree = "<group>";
		};
		F7E8819B2B0F4EC000828CA0 /* Controller */ = {
			isa = PBXGroup;
			children = (
				F7E881852B0F3D8D00828CA0 /* ViewController.swift */,
				F7E8819D2B0F4EF800828CA0 /* AddParticipantViewController.swift */,
			);
			path = Controller;
			sourceTree = "<group>";
		};
		F7E8819C2B0F4ECA00828CA0 /* Model */ = {
			isa = PBXGroup;
			children = (
			);
			path = Model;
			sourceTree = "<group>";
		};
/* End PBXGroup section */

/* Begin PBXNativeTarget section */
		F7E8817D2B0F3D8D00828CA0 /* Setara */ = {
			isa = PBXNativeTarget;
			buildConfigurationList = F7E881952B0F3D8F00828CA0 /* Build configuration list for PBXNativeTarget "Setara" */;
			buildPhases = (
				F7E8817A2B0F3D8D00828CA0 /* Sources */,
				F7E8817B2B0F3D8D00828CA0 /* Frameworks */,
				F7E8817C2B0F3D8D00828CA0 /* Resources */,
			);
			buildRules = (
			);
			dependencies = (
			);
			name = Setara;
			productName = Setara;
			productReference = F7E8817E2B0F3D8D00828CA0 /* Setara.app */;
			productType = "com.apple.product-type.application";
		};
/* End PBXNativeTarget section */

/* Begin PBXProject section */
		F7E881762B0F3D8D00828CA0 /* Project object */ = {
			isa = PBXProject;
			attributes = {
				BuildIndependentTargetsInParallel = 1;
				LastSwiftUpdateCheck = 1500;
				LastUpgradeCheck = 1500;
				TargetAttributes = {
					F7E8817D2B0F3D8D00828CA0 = {
						CreatedOnToolsVersion = 15.0;
					};
				};
			};
			buildConfigurationList = F7E881792B0F3D8D00828CA0 /* Build configuration list for PBXProject "Setara" */;
			compatibilityVersion = "Xcode 14.0";
			developmentRegion = en;
			hasScannedForEncodings = 0;
			knownRegions = (
				en,
				Base,
			);
			mainGroup = F7E881752B0F3D8D00828CA0;
			productRefGroup = F7E8817F2B0F3D8D00828CA0 /* Products */;
			projectDirPath = "";
			projectRoot = "";
			targets = (
				F7E8817D2B0F3D8D00828CA0 /* Setara */,
			);
		};
/* End PBXProject section */

/* Begin PBXResourcesBuildPhase section */
		F7E8817C2B0F3D8D00828CA0 /* Resources */ = {
			isa = PBXResourcesBuildPhase;
			buildActionMask = 2147483647;
			files = (
				F7E881912B0F3D8F00828CA0 /* LaunchScreen.storyboard in Resources */,
				F7E8818E2B0F3D8F00828CA0 /* Assets.xcassets in Resources */,
				F7E881892B0F3D8D00828CA0 /* Main.storyboard in Resources */,
			);
			runOnlyForDeploymentPostprocessing = 0;
		};
/* End PBXResourcesBuildPhase section */

/* Begin PBXSourcesBuildPhase section */
		F7E8817A2B0F3D8D00828CA0 /* Sources */ = {
			isa = PBXSourcesBuildPhase;
			buildActionMask = 2147483647;
			files = (
				F7E881862B0F3D8D00828CA0 /* ViewController.swift in Sources */,
				F7E8819E2B0F4EF800828CA0 /* AddParticipantViewController.swift in Sources */,
				F7E881822B0F3D8D00828CA0 /* AppDelegate.swift in Sources */,
				F7E881842B0F3D8D00828CA0 /* SceneDelegate.swift in Sources */,
				F7E8818C2B0F3D8D00828CA0 /* Setara.xcdatamodeld in Sources */,
			);
			runOnlyForDeploymentPostprocessing = 0;
		};
/* End PBXSourcesBuildPhase section */

/* Begin PBXVariantGroup section */
		F7E881872B0F3D8D00828CA0 /* Main.storyboard */ = {
			isa = PBXVariantGroup;
			children = (
				F7E881882B0F3D8D00828CA0 /* Base */,
			);
			name = Main.storyboard;
			sourceTree = "<group>";
		};
		F7E8818F2B0F3D8F00828CA0 /* LaunchScreen.storyboard */ = {
			isa = PBXVariantGroup;
			children = (
				F7E881902B0F3D8F00828CA0 /* Base */,
			);
			name = LaunchScreen.storyboard;
			sourceTree = "<group>";
		};
/* End PBXVariantGroup section */

/* Begin XCBuildConfiguration section */
		F7E881932B0F3D8F00828CA0 /* Debug */ = {
			isa = XCBuildConfiguration;
			buildSettings = {
				ALWAYS_SEARCH_USER_PATHS = NO;
				ASSETCATALOG_COMPILER_GENERATE_SWIFT_ASSET_SYMBOL_EXTENSIONS = YES;
				CLANG_ANALYZER_NONNULL = YES;
				CLANG_ANALYZER_NUMBER_OBJECT_CONVERSION = YES_AGGRESSIVE;
				CLANG_CXX_LANGUAGE_STANDARD = "gnu++20";
				CLANG_ENABLE_MODULES = YES;
				CLANG_ENABLE_OBJC_ARC = YES;
				CLANG_ENABLE_OBJC_WEAK = YES;
				CLANG_WARN_BLOCK_CAPTURE_AUTORELEASING = YES;
				CLANG_WARN_BOOL_CONVERSION = YES;
				CLANG_WARN_COMMA = YES;
				CLANG_WARN_CONSTANT_CONVERSION = YES;
				CLANG_WARN_DEPRECATED_OBJC_IMPLEMENTATIONS = YES;
				CLANG_WARN_DIRECT_OBJC_ISA_USAGE = YES_ERROR;
				CLANG_WARN_DOCUMENTATION_COMMENTS = YES;
				CLANG_WARN_EMPTY_BODY = YES;
				CLANG_WARN_ENUM_CONVERSION = YES;
				CLANG_WARN_INFINITE_RECURSION = YES;
				CLANG_WARN_INT_CONVERSION = YES;
				CLANG_WARN_NON_LITERAL_NULL_CONVERSION = YES;
				CLANG_WARN_OBJC_IMPLICIT_RETAIN_SELF = YES;
				CLANG_WARN_OBJC_LITERAL_CONVERSION = YES;
				CLANG_WARN_OBJC_ROOT_CLASS = YES_ERROR;
				CLANG_WARN_QUOTED_INCLUDE_IN_FRAMEWORK_HEADER = YES;
				CLANG_WARN_RANGE_LOOP_ANALYSIS = YES;
				CLANG_WARN_STRICT_PROTOTYPES = YES;
				CLANG_WARN_SUSPICIOUS_MOVE = YES;
				CLANG_WARN_UNGUARDED_AVAILABILITY = YES_AGGRESSIVE;
				CLANG_WARN_UNREACHABLE_CODE = YES;
				CLANG_WARN__DUPLICATE_METHOD_MATCH = YES;
				COPY_PHASE_STRIP = NO;
				DEBUG_INFORMATION_FORMAT = dwarf;
				ENABLE_STRICT_OBJC_MSGSEND = YES;
				ENABLE_TESTABILITY = YES;
				ENABLE_USER_SCRIPT_SANDBOXING = YES;
				GCC_C_LANGUAGE_STANDARD = gnu17;
				GCC_DYNAMIC_NO_PIC = NO;
				GCC_NO_COMMON_BLOCKS = YES;
				GCC_OPTIMIZATION_LEVEL = 0;
				GCC_PREPROCESSOR_DEFINITIONS = (
					"DEBUG=1",
					"$(inherited)",
				);
				GCC_WARN_64_TO_32_BIT_CONVERSION = YES;
				GCC_WARN_ABOUT_RETURN_TYPE = YES_ERROR;
				GCC_WARN_UNDECLARED_SELECTOR = YES;
				GCC_WARN_UNINITIALIZED_AUTOS = YES_AGGRESSIVE;
				GCC_WARN_UNUSED_FUNCTION = YES;
				GCC_WARN_UNUSED_VARIABLE = YES;
				IPHONEOS_DEPLOYMENT_TARGET = 17.0;
				LOCALIZATION_PREFERS_STRING_CATALOGS = YES;
				MTL_ENABLE_DEBUG_INFO = INCLUDE_SOURCE;
				MTL_FAST_MATH = YES;
				ONLY_ACTIVE_ARCH = YES;
				SDKROOT = iphoneos;
				SWIFT_ACTIVE_COMPILATION_CONDITIONS = "DEBUG $(inherited)";
				SWIFT_OPTIMIZATION_LEVEL = "-Onone";
			};
			name = Debug;
		};
		F7E881942B0F3D8F00828CA0 /* Release */ = {
			isa = XCBuildConfiguration;
			buildSettings = {
				ALWAYS_SEARCH_USER_PATHS = NO;
				ASSETCATALOG_COMPILER_GENERATE_SWIFT_ASSET_SYMBOL_EXTENSIONS = YES;
				CLANG_ANALYZER_NONNULL = YES;
				CLANG_ANALYZER_NUMBER_OBJECT_CONVERSION = YES_AGGRESSIVE;
				CLANG_CXX_LANGUAGE_STANDARD = "gnu++20";
				CLANG_ENABLE_MODULES = YES;
				CLANG_ENABLE_OBJC_ARC = YES;
				CLANG_ENABLE_OBJC_WEAK = YES;
				CLANG_WARN_BLOCK_CAPTURE_AUTORELEASING = YES;
				CLANG_WARN_BOOL_CONVERSION = YES;
				CLANG_WARN_COMMA = YES;
				CLANG_WARN_CONSTANT_CONVERSION = YES;
				CLANG_WARN_DEPRECATED_OBJC_IMPLEMENTATIONS = YES;
				CLANG_WARN_DIRECT_OBJC_ISA_USAGE = YES_ERROR;
				CLANG_WARN_DOCUMENTATION_COMMENTS = YES;
				CLANG_WARN_EMPTY_BODY = YES;
				CLANG_WARN_ENUM_CONVERSION = YES;
				CLANG_WARN_INFINITE_RECURSION = YES;
				CLANG_WARN_INT_CONVERSION = YES;
				CLANG_WARN_NON_LITERAL_NULL_CONVERSION = YES;
				CLANG_WARN_OBJC_IMPLICIT_RETAIN_SELF = YES;
				CLANG_WARN_OBJC_LITERAL_CONVERSION = YES;
				CLANG_WARN_OBJC_ROOT_CLASS = YES_ERROR;
				CLANG_WARN_QUOTED_INCLUDE_IN_FRAMEWORK_HEADER = YES;
				CLANG_WARN_RANGE_LOOP_ANALYSIS = YES;
				CLANG_WARN_STRICT_PROTOTYPES = YES;
				CLANG_WARN_SUSPICIOUS_MOVE = YES;
				CLANG_WARN_UNGUARDED_AVAILABILITY = YES_AGGRESSIVE;
				CLANG_WARN_UNREACHABLE_CODE = YES;
				CLANG_WARN__DUPLICATE_METHOD_MATCH = YES;
				COPY_PHASE_STRIP = NO;
				DEBUG_INFORMATION_FORMAT = "dwarf-with-dsym";
				ENABLE_NS_ASSERTIONS = NO;
				ENABLE_STRICT_OBJC_MSGSEND = YES;
				ENABLE_USER_SCRIPT_SANDBOXING = YES;
				GCC_C_LANGUAGE_STANDARD = gnu17;
				GCC_NO_COMMON_BLOCKS = YES;
				GCC_WARN_64_TO_32_BIT_CONVERSION = YES;
				GCC_WARN_ABOUT_RETURN_TYPE = YES_ERROR;
				GCC_WARN_UNDECLARED_SELECTOR = YES;
				GCC_WARN_UNINITIALIZED_AUTOS = YES_AGGRESSIVE;
				GCC_WARN_UNUSED_FUNCTION = YES;
				GCC_WARN_UNUSED_VARIABLE = YES;
				IPHONEOS_DEPLOYMENT_TARGET = 17.0;
				LOCALIZATION_PREFERS_STRING_CATALOGS = YES;
				MTL_ENABLE_DEBUG_INFO = NO;
				MTL_FAST_MATH = YES;
				SDKROOT = iphoneos;
				SWIFT_COMPILATION_MODE = wholemodule;
				VALIDATE_PRODUCT = YES;
			};
			name = Release;
		};
		F7E881962B0F3D8F00828CA0 /* Debug */ = {
			isa = XCBuildConfiguration;
			buildSettings = {
				ASSETCATALOG_COMPILER_APPICON_NAME = AppIcon;
				ASSETCATALOG_COMPILER_GLOBAL_ACCENT_COLOR_NAME = AccentColor;
				CODE_SIGN_STYLE = Automatic;
				CURRENT_PROJECT_VERSION = 1;
				DEVELOPMENT_TEAM = LH73CAYKFH;
				GENERATE_INFOPLIST_FILE = YES;
				INFOPLIST_FILE = Setara/Core/Info.plist;
				INFOPLIST_KEY_UIApplicationSupportsIndirectInputEvents = YES;
				INFOPLIST_KEY_UILaunchStoryboardName = LaunchScreen;
				INFOPLIST_KEY_UIMainStoryboardFile = Main;
				INFOPLIST_KEY_UIStatusBarStyle = UIStatusBarStyleLightContent;
				INFOPLIST_KEY_UISupportedInterfaceOrientations = UIInterfaceOrientationPortrait;
				LD_RUNPATH_SEARCH_PATHS = (
					"$(inherited)",
					"@executable_path/Frameworks",
				);
				MARKETING_VERSION = 1.0;
				PRODUCT_BUNDLE_IDENTIFIER = com.setara.team.Setara;
				PRODUCT_NAME = "$(TARGET_NAME)";
				SWIFT_EMIT_LOC_STRINGS = YES;
				SWIFT_VERSION = 5.0;
				TARGETED_DEVICE_FAMILY = "1,2";
			};
			name = Debug;
		};
		F7E881972B0F3D8F00828CA0 /* Release */ = {
			isa = XCBuildConfiguration;
			buildSettings = {
				ASSETCATALOG_COMPILER_APPICON_NAME = AppIcon;
				ASSETCATALOG_COMPILER_GLOBAL_ACCENT_COLOR_NAME = AccentColor;
				CODE_SIGN_STYLE = Automatic;
				CURRENT_PROJECT_VERSION = 1;
				DEVELOPMENT_TEAM = LH73CAYKFH;
				GENERATE_INFOPLIST_FILE = YES;
				INFOPLIST_FILE = Setara/Core/Info.plist;
				INFOPLIST_KEY_UIApplicationSupportsIndirectInputEvents = YES;
				INFOPLIST_KEY_UILaunchStoryboardName = LaunchScreen;
				INFOPLIST_KEY_UIMainStoryboardFile = Main;
				INFOPLIST_KEY_UIStatusBarStyle = UIStatusBarStyleLightContent;
				INFOPLIST_KEY_UISupportedInterfaceOrientations = UIInterfaceOrientationPortrait;
				LD_RUNPATH_SEARCH_PATHS = (
					"$(inherited)",
					"@executable_path/Frameworks",
				);
				MARKETING_VERSION = 1.0;
				PRODUCT_BUNDLE_IDENTIFIER = com.setara.team.Setara;
				PRODUCT_NAME = "$(TARGET_NAME)";
				SWIFT_EMIT_LOC_STRINGS = YES;
				SWIFT_VERSION = 5.0;
				TARGETED_DEVICE_FAMILY = "1,2";
			};
			name = Release;
		};
/* End XCBuildConfiguration section */

/* Begin XCConfigurationList section */
		F7E881792B0F3D8D00828CA0 /* Build configuration list for PBXProject "Setara" */ = {
			isa = XCConfigurationList;
			buildConfigurations = (
				F7E881932B0F3D8F00828CA0 /* Debug */,
				F7E881942B0F3D8F00828CA0 /* Release */,
			);
			defaultConfigurationIsVisible = 0;
			defaultConfigurationName = Release;
		};
		F7E881952B0F3D8F00828CA0 /* Build configuration list for PBXNativeTarget "Setara" */ = {
			isa = XCConfigurationList;
			buildConfigurations = (
				F7E881962B0F3D8F00828CA0 /* Debug */,
				F7E881972B0F3D8F00828CA0 /* Release */,
			);
			defaultConfigurationIsVisible = 0;
			defaultConfigurationName = Release;
		};
/* End XCConfigurationList section */

/* Begin XCVersionGroup section */
		F7E8818A2B0F3D8D00828CA0 /* Setara.xcdatamodeld */ = {
			isa = XCVersionGroup;
			children = (
				F7E8818B2B0F3D8D00828CA0 /* Setara.xcdatamodel */,
			);
			currentVersion = F7E8818B2B0F3D8D00828CA0 /* Setara.xcdatamodel */;
			path = Setara.xcdatamodeld;
			sourceTree = "<group>";
			versionGroupType = wrapper.xcdatamodel;
		};
/* End XCVersionGroup section */
	};
	rootObject = F7E881762B0F3D8D00828CA0 /* Project object */;
}
